
Microsoft Visual Studio Solution File, Format Version 12.00
# Visual Studio Version 17
VisualStudioVersion = 17.10.34916.146
MinimumVisualStudioVersion = 10.0.40219.1
Project("{9A19103F-16F7-4668-BE54-9A1E7A4F7556}") = "RDS.SkillTree", "RDS.SkillTree\RDS.SkillTree.csproj", "{C16A9CA4-DE85-4C37-9BDE-0E93CF600F8A}"
EndProject
Project("{9A19103F-16F7-4668-BE54-9A1E7A4F7556}") = "RDS.SkillTree.AppHost", "RDS.SkillTree.AppHost\RDS.SkillTree.AppHost.csproj", "{9C21AD11-7900-4C1F-8E2E-81651F014EE8}"
EndProject
Project("{9A19103F-16F7-4668-BE54-9A1E7A4F7556}") = "RDS.SkillTree.ServiceDefaults", "RDS.SkillTree.ServiceDefaults\RDS.SkillTree.ServiceDefaults.csproj", "{8773A17B-26EA-477B-90C8-CEDF7377EE99}"
EndProject
Project("{FAE04EC0-301F-11D3-BF4B-00C04F79EFBC}") = "RDS.SkillTree.Test", "RDS.SkillTree.Test\RDS.SkillTree.Test.csproj", "{2FD54D2E-D69E-457B-927D-C74312D3505D}"
EndProject
Global
	GlobalSection(SolutionConfigurationPlatforms) = preSolution
		Debug|Any CPU = Debug|Any CPU
		Release|Any CPU = Release|Any CPU
	EndGlobalSection
	GlobalSection(ProjectConfigurationPlatforms) = postSolution
		{C16A9CA4-DE85-4C37-9BDE-0E93CF600F8A}.Debug|Any CPU.ActiveCfg = Debug|Any CPU
		{C16A9CA4-DE85-4C37-9BDE-0E93CF600F8A}.Debug|Any CPU.Build.0 = Debug|Any CPU
		{C16A9CA4-DE85-4C37-9BDE-0E93CF600F8A}.Release|Any CPU.ActiveCfg = Release|Any CPU
		{C16A9CA4-DE85-4C37-9BDE-0E93CF600F8A}.Release|Any CPU.Build.0 = Release|Any CPU
		{9C21AD11-7900-4C1F-8E2E-81651F014EE8}.Debug|Any CPU.ActiveCfg = Debug|Any CPU
		{9C21AD11-7900-4C1F-8E2E-81651F014EE8}.Debug|Any CPU.Build.0 = Debug|Any CPU
		{9C21AD11-7900-4C1F-8E2E-81651F014EE8}.Release|Any CPU.ActiveCfg = Release|Any CPU
		{9C21AD11-7900-4C1F-8E2E-81651F014EE8}.Release|Any CPU.Build.0 = Release|Any CPU
		{8773A17B-26EA-477B-90C8-CEDF7377EE99}.Debug|Any CPU.ActiveCfg = Debug|Any CPU
		{8773A17B-26EA-477B-90C8-CEDF7377EE99}.Debug|Any CPU.Build.0 = Debug|Any CPU
		{8773A17B-26EA-477B-90C8-CEDF7377EE99}.Release|Any CPU.ActiveCfg = Release|Any CPU
		{8773A17B-26EA-477B-90C8-CEDF7377EE99}.Release|Any CPU.Build.0 = Release|Any CPU
		{2FD54D2E-D69E-457B-927D-C74312D3505D}.Debug|Any CPU.ActiveCfg = Debug|Any CPU
		{2FD54D2E-D69E-457B-927D-C74312D3505D}.Debug|Any CPU.Build.0 = Debug|Any CPU
		{2FD54D2E-D69E-457B-927D-C74312D3505D}.Release|Any CPU.ActiveCfg = Release|Any CPU
		{2FD54D2E-D69E-457B-927D-C74312D3505D}.Release|Any CPU.Build.0 = Release|Any CPU
	EndGlobalSection
	GlobalSection(SolutionProperties) = preSolution
		HideSolutionNode = FALSE
	EndGlobalSection
	GlobalSection(ExtensibilityGlobals) = postSolution
		SolutionGuid = {14DB6636-6A65-44A8-A7BC-AEE11369B9BE}
	EndGlobalSection
EndGlobal
